
Microsoft Visual Studio Solution File, Format Version 12.00
# Visual Studio Version 17
VisualStudioVersion = 17.10.35027.167
MinimumVisualStudioVersion = 10.0.40219.1
Project("{8BC9CEB8-8B4A-11D0-8D11-00A0C91BC942}") = "Hoetl Menu Project 2", "Hoetl Menu Project 2.vcxproj", "{66B28A1E-9657-4DD6-85B8-D62CBDDA6173}"
EndProject
Global
	GlobalSection(SolutionConfigurationPlatforms) = preSolution
		Debug|x64 = Debug|x64
		Debug|x86 = Debug|x86
		Release|x64 = Release|x64
		Release|x86 = Release|x86
	EndGlobalSection
	GlobalSection(ProjectConfigurationPlatforms) = postSolution
		{66B28A1E-9657-4DD6-85B8-D62CBDDA6173}.Debug|x64.ActiveCfg = Debug|x64
		{66B28A1E-9657-4DD6-85B8-D62CBDDA6173}.Debug|x64.Build.0 = Debug|x64
		{66B28A1E-9657-4DD6-85B8-D62CBDDA6173}.Debug|x86.ActiveCfg = Debug|Win32
		{66B28A1E-9657-4DD6-85B8-D62CBDDA6173}.Debug|x86.Build.0 = Debug|Win32
		{66B28A1E-9657-4DD6-85B8-D62CBDDA6173}.Release|x64.ActiveCfg = Release|x64
		{66B28A1E-9657-4DD6-85B8-D62CBDDA6173}.Release|x64.Build.0 = Release|x64
		{66B28A1E-9657-4DD6-85B8-D62CBDDA6173}.Release|x86.ActiveCfg = Release|Win32
		{66B28A1E-9657-4DD6-85B8-D62CBDDA6173}.Release|x86.Build.0 = Release|Win32
	EndGlobalSection
	GlobalSection(SolutionProperties) = preSolution
		HideSolutionNode = FALSE
	EndGlobalSection
	GlobalSection(ExtensibilityGlobals) = postSolution
		SolutionGuid = {30AAFB08-C9C5-4958-BAB9-8831B6314001}
	EndGlobalSection
EndGlobal
